
Microsoft Visual Studio Solution File, Format Version 12.00
# Visual Studio Version 16
VisualStudioVersion = 16.0.31410.357
MinimumVisualStudioVersion = 10.0.40219.1
Project("{FAE04EC0-301F-11D3-BF4B-00C04F79EFBC}") = "SerilogExampleConsole", "SerilogExampleConsole\SerilogExampleConsole.csproj", "{A940AC74-9EB5-4363-8431-BE33152ED145}"
EndProject
Global
	GlobalSection(SolutionConfigurationPlatforms) = preSolution
		Debug|Any CPU = Debug|Any CPU
		Release|Any CPU = Release|Any CPU
	EndGlobalSection
	GlobalSection(ProjectConfigurationPlatforms) = postSolution
		{A940AC74-9EB5-4363-8431-BE33152ED145}.Debug|Any CPU.ActiveCfg = Debug|Any CPU
		{A940AC74-9EB5-4363-8431-BE33152ED145}.Debug|Any CPU.Build.0 = Debug|Any CPU
		{A940AC74-9EB5-4363-8431-BE33152ED145}.Release|Any CPU.ActiveCfg = Release|Any CPU
		{A940AC74-9EB5-4363-8431-BE33152ED145}.Release|Any CPU.Build.0 = Release|Any CPU
	EndGlobalSection
	GlobalSection(SolutionProperties) = preSolution
		HideSolutionNode = FALSE
	EndGlobalSection
	GlobalSection(ExtensibilityGlobals) = postSolution
		SolutionGuid = {CF89F092-A9B3-4034-8A50-A25BB43F0C37}
	EndGlobalSection
EndGlobal
